
Microsoft Visual Studio Solution File, Format Version 12.00
# Visual Studio Version 17
VisualStudioVersion = 17.4.33205.214
MinimumVisualStudioVersion = 10.0.40219.1
Project("{8BC9CEB8-8B4A-11D0-8D11-00A0C91BC942}") = "Day_9", "Day_9.vcxproj", "{B8259507-874B-46A5-9798-8A442ADC3A50}"
EndProject
Global
	GlobalSection(SolutionConfigurationPlatforms) = preSolution
		Debug|x64 = Debug|x64
		Debug|x86 = Debug|x86
		Release|x64 = Release|x64
		Release|x86 = Release|x86
	EndGlobalSection
	GlobalSection(ProjectConfigurationPlatforms) = postSolution
		{B8259507-874B-46A5-9798-8A442ADC3A50}.Debug|x64.ActiveCfg = Debug|x64
		{B8259507-874B-46A5-9798-8A442ADC3A50}.Debug|x64.Build.0 = Debug|x64
		{B8259507-874B-46A5-9798-8A442ADC3A50}.Debug|x86.ActiveCfg = Debug|Win32
		{B8259507-874B-46A5-9798-8A442ADC3A50}.Debug|x86.Build.0 = Debug|Win32
		{B8259507-874B-46A5-9798-8A442ADC3A50}.Release|x64.ActiveCfg = Release|x64
		{B8259507-874B-46A5-9798-8A442ADC3A50}.Release|x64.Build.0 = Release|x64
		{B8259507-874B-46A5-9798-8A442ADC3A50}.Release|x86.ActiveCfg = Release|Win32
		{B8259507-874B-46A5-9798-8A442ADC3A50}.Release|x86.Build.0 = Release|Win32
	EndGlobalSection
	GlobalSection(SolutionProperties) = preSolution
		HideSolutionNode = FALSE
	EndGlobalSection
	GlobalSection(ExtensibilityGlobals) = postSolution
		SolutionGuid = {A544567B-84D3-4059-8A42-7CF8222A1E65}
	EndGlobalSection
EndGlobal
